
Microsoft Visual Studio Solution File, Format Version 12.00
# Visual Studio Version 16
VisualStudioVersion = 16.0.30517.126
MinimumVisualStudioVersion = 10.0.40219.1
Project("{FAE04EC0-301F-11D3-BF4B-00C04F79EFBC}") = "VidlyCore", "VidlyCore\VidlyCore.csproj", "{9A0426D4-9FE1-4801-AE9D-A1C312CAEF01}"
EndProject
Global
	GlobalSection(SolutionConfigurationPlatforms) = preSolution
		Debug|Any CPU = Debug|Any CPU
		Release|Any CPU = Release|Any CPU
	EndGlobalSection
	GlobalSection(ProjectConfigurationPlatforms) = postSolution
		{9A0426D4-9FE1-4801-AE9D-A1C312CAEF01}.Debug|Any CPU.ActiveCfg = Debug|Any CPU
		{9A0426D4-9FE1-4801-AE9D-A1C312CAEF01}.Debug|Any CPU.Build.0 = Debug|Any CPU
		{9A0426D4-9FE1-4801-AE9D-A1C312CAEF01}.Release|Any CPU.ActiveCfg = Release|Any CPU
		{9A0426D4-9FE1-4801-AE9D-A1C312CAEF01}.Release|Any CPU.Build.0 = Release|Any CPU
	EndGlobalSection
	GlobalSection(SolutionProperties) = preSolution
		HideSolutionNode = FALSE
	EndGlobalSection
	GlobalSection(ExtensibilityGlobals) = postSolution
		SolutionGuid = {15AD73B2-E1E4-4B9F-A80D-F6D5A5372C60}
	EndGlobalSection
EndGlobal
